
Microsoft Visual Studio Solution File, Format Version 12.00
# Visual Studio Express 2013 for Windows Desktop
VisualStudioVersion = 12.0.31101.0
MinimumVisualStudioVersion = 10.0.40219.1
Project("{FAE04EC0-301F-11D3-BF4B-00C04F79EFBC}") = "Genesys.WebServicesClient", "Genesys.WebServicesClient\Genesys.WebServicesClient.csproj", "{E918FCC4-EA5C-4E4C-959E-DB4A8907E343}"
EndProject
Project("{FAE04EC0-301F-11D3-BF4B-00C04F79EFBC}") = "Genesys.WebServicesClient.Sample.Agent.WPF", "Genesys.WebServicesClient.Sample.Agent\Genesys.WebServicesClient.Sample.Agent.WPF.csproj", "{89DB3DB1-C11F-4F4C-BD7D-3D5DD6592FB1}"
EndProject
Project("{FAE04EC0-301F-11D3-BF4B-00C04F79EFBC}") = "Genesys.WebServicesClient.Components", "Genesys.WebServicesClient.Components\Genesys.WebServicesClient.Components.csproj", "{E0E4D679-73A4-4FE8-B387-A3252841C1B3}"
EndProject
Project("{FAE04EC0-301F-11D3-BF4B-00C04F79EFBC}") = "Genesys.WebServicesClient.Sample.Agent.WinForms", "Genesys.WebServicesClient.Sample.Agent.WinForms\Genesys.WebServicesClient.Sample.Agent.WinForms.csproj", "{C3E75C6A-738E-415D-82AA-BADAED6E6352}"
EndProject
Project("{FAE04EC0-301F-11D3-BF4B-00C04F79EFBC}") = "cometd", "..\CometD.NET\cometd.csproj", "{CE60C8C6-3F04-447B-946C-D22397E39EC6}"
EndProject
Project("{FAE04EC0-301F-11D3-BF4B-00C04F79EFBC}") = "Genesys.ObservableResource", "Genesys.ObservableResource\Genesys.ObservableResource.csproj", "{F8B3E095-A866-46CF-9EB3-45DE1347A40D}"
EndProject
Project("{FAE04EC0-301F-11D3-BF4B-00C04F79EFBC}") = "Genesys.WebServicesClient.Components.Test", "Genesys.WebServicesClient.Components.Test\Genesys.WebServicesClient.Components.Test.csproj", "{15CCDB7F-0136-4D53-8362-C4FC9619E510}"
EndProject
Project("{FAE04EC0-301F-11D3-BF4B-00C04F79EFBC}") = "Genesys.WebServicesClient.Test", "Genesys.WebServicesClient.Test\Genesys.WebServicesClient.Test.csproj", "{4E81D71A-8636-49E0-AD21-E845D26D32E9}"
EndProject
Global
	GlobalSection(SolutionConfigurationPlatforms) = preSolution
		Debug|Any CPU = Debug|Any CPU
		Release|Any CPU = Release|Any CPU
	EndGlobalSection
	GlobalSection(ProjectConfigurationPlatforms) = postSolution
		{E918FCC4-EA5C-4E4C-959E-DB4A8907E343}.Debug|Any CPU.ActiveCfg = Debug|Any CPU
		{E918FCC4-EA5C-4E4C-959E-DB4A8907E343}.Debug|Any CPU.Build.0 = Debug|Any CPU
		{E918FCC4-EA5C-4E4C-959E-DB4A8907E343}.Release|Any CPU.ActiveCfg = Release|Any CPU
		{E918FCC4-EA5C-4E4C-959E-DB4A8907E343}.Release|Any CPU.Build.0 = Release|Any CPU
		{89DB3DB1-C11F-4F4C-BD7D-3D5DD6592FB1}.Debug|Any CPU.ActiveCfg = Debug|Any CPU
		{89DB3DB1-C11F-4F4C-BD7D-3D5DD6592FB1}.Debug|Any CPU.Build.0 = Debug|Any CPU
		{89DB3DB1-C11F-4F4C-BD7D-3D5DD6592FB1}.Release|Any CPU.ActiveCfg = Release|Any CPU
		{89DB3DB1-C11F-4F4C-BD7D-3D5DD6592FB1}.Release|Any CPU.Build.0 = Release|Any CPU
		{E0E4D679-73A4-4FE8-B387-A3252841C1B3}.Debug|Any CPU.ActiveCfg = Debug|Any CPU
		{E0E4D679-73A4-4FE8-B387-A3252841C1B3}.Debug|Any CPU.Build.0 = Debug|Any CPU
		{E0E4D679-73A4-4FE8-B387-A3252841C1B3}.Release|Any CPU.ActiveCfg = Release|Any CPU
		{E0E4D679-73A4-4FE8-B387-A3252841C1B3}.Release|Any CPU.Build.0 = Release|Any CPU
		{C3E75C6A-738E-415D-82AA-BADAED6E6352}.Debug|Any CPU.ActiveCfg = Debug|Any CPU
		{C3E75C6A-738E-415D-82AA-BADAED6E6352}.Debug|Any CPU.Build.0 = Debug|Any CPU
		{C3E75C6A-738E-415D-82AA-BADAED6E6352}.Release|Any CPU.ActiveCfg = Release|Any CPU
		{C3E75C6A-738E-415D-82AA-BADAED6E6352}.Release|Any CPU.Build.0 = Release|Any CPU
		{CE60C8C6-3F04-447B-946C-D22397E39EC6}.Debug|Any CPU.ActiveCfg = Debug|Any CPU
		{CE60C8C6-3F04-447B-946C-D22397E39EC6}.Debug|Any CPU.Build.0 = Debug|Any CPU
		{CE60C8C6-3F04-447B-946C-D22397E39EC6}.Release|Any CPU.ActiveCfg = Release|Any CPU
		{CE60C8C6-3F04-447B-946C-D22397E39EC6}.Release|Any CPU.Build.0 = Release|Any CPU
		{F8B3E095-A866-46CF-9EB3-45DE1347A40D}.Debug|Any CPU.ActiveCfg = Debug|Any CPU
		{F8B3E095-A866-46CF-9EB3-45DE1347A40D}.Debug|Any CPU.Build.0 = Debug|Any CPU
		{F8B3E095-A866-46CF-9EB3-45DE1347A40D}.Release|Any CPU.ActiveCfg = Release|Any CPU
		{F8B3E095-A866-46CF-9EB3-45DE1347A40D}.Release|Any CPU.Build.0 = Release|Any CPU
		{15CCDB7F-0136-4D53-8362-C4FC9619E510}.Debug|Any CPU.ActiveCfg = Debug|Any CPU
		{15CCDB7F-0136-4D53-8362-C4FC9619E510}.Debug|Any CPU.Build.0 = Debug|Any CPU
		{15CCDB7F-0136-4D53-8362-C4FC9619E510}.Release|Any CPU.ActiveCfg = Release|Any CPU
		{15CCDB7F-0136-4D53-8362-C4FC9619E510}.Release|Any CPU.Build.0 = Release|Any CPU
		{4E81D71A-8636-49E0-AD21-E845D26D32E9}.Debug|Any CPU.ActiveCfg = Debug|Any CPU
		{4E81D71A-8636-49E0-AD21-E845D26D32E9}.Debug|Any CPU.Build.0 = Debug|Any CPU
		{4E81D71A-8636-49E0-AD21-E845D26D32E9}.Release|Any CPU.ActiveCfg = Release|Any CPU
		{4E81D71A-8636-49E0-AD21-E845D26D32E9}.Release|Any CPU.Build.0 = Release|Any CPU
	EndGlobalSection
	GlobalSection(SolutionProperties) = preSolution
		HideSolutionNode = FALSE
	EndGlobalSection
EndGlobal
